
Microsoft Visual Studio Solution File, Format Version 12.00
# Visual Studio 15
VisualStudioVersion = 15.0.27428.2015
MinimumVisualStudioVersion = 10.0.40219.1
Project("{FAE04EC0-301F-11D3-BF4B-00C04F79EFBC}") = "RecommendMusicToMe", "RecommendMusicToMe\RecommendMusicToMe.csproj", "{784A7DEE-E51C-411C-A146-231039B28FC0}"
EndProject
Global
	GlobalSection(SolutionConfigurationPlatforms) = preSolution
		Debug|Any CPU = Debug|Any CPU
		Release|Any CPU = Release|Any CPU
	EndGlobalSection
	GlobalSection(ProjectConfigurationPlatforms) = postSolution
		{784A7DEE-E51C-411C-A146-231039B28FC0}.Debug|Any CPU.ActiveCfg = Debug|Any CPU
		{784A7DEE-E51C-411C-A146-231039B28FC0}.Debug|Any CPU.Build.0 = Debug|Any CPU
		{784A7DEE-E51C-411C-A146-231039B28FC0}.Release|Any CPU.ActiveCfg = Release|Any CPU
		{784A7DEE-E51C-411C-A146-231039B28FC0}.Release|Any CPU.Build.0 = Release|Any CPU
	EndGlobalSection
	GlobalSection(SolutionProperties) = preSolution
		HideSolutionNode = FALSE
	EndGlobalSection
	GlobalSection(ExtensibilityGlobals) = postSolution
		SolutionGuid = {26249BF2-770E-4DDB-943D-611C68D12C2E}
	EndGlobalSection
EndGlobal
